Microsoft Visual Studio Solution File, Format Version 12.00
# Visual Studio Version 17
VisualStudioVersion = 17.4.33110.190
MinimumVisualStudioVersion = 10.0.40219.1
Project("{9A19103F-16F7-4668-BE54-9A1E7A4F7556}") = "Perficient.Web", "src\Web\Perficient.Web.csproj", "{290ECA11-6FDC-403F-BB12-9D5E205723D7}"
EndProject
Project("{9A19103F-16F7-4668-BE54-9A1E7A4F7556}") = "Perficient.Infrastructure", "src\Infrastructure\Perficient.Infrastructure.csproj", "{1544B50D-72C7-46C2-9764-28F9E98BC8C3}"
EndProject
Project("{9A19103F-16F7-4668-BE54-9A1E7A4F7556}") = "Perficient.Web.UnitTests", "src\Unit Tests\Perficient.Web.UnitTests\Perficient.Web.UnitTests.csproj", "{5DF40A9F-52F1-4CFD-A7C8-BE5736E495A4}"
	ProjectSection(ProjectDependencies) = postProject
		{290ECA11-6FDC-403F-BB12-9D5E205723D7} = {290ECA11-6FDC-403F-BB12-9D5E205723D7}
	EndProjectSection
EndProject
Project("{2150E333-8FDC-42A3-9474-1A3956D46DE8}") = "Unit Tests", "Unit Tests", "{105412A2-2CC4-488E-A02B-BBB5558146C1}"
EndProject
Project("{9A19103F-16F7-4668-BE54-9A1E7A4F7556}") = "Perficient.Infrastructure.UnitTests", "src\Unit Tests\Perficient.Infrastructure.UnitTests\Perficient.Infrastructure.UnitTests.csproj", "{C7780739-B33F-4453-8788-1A2B77118983}"
EndProject
Global
	GlobalSection(SolutionConfigurationPlatforms) = preSolution
		Debug|Any CPU = Debug|Any CPU
		Release|Any CPU = Release|Any CPU
	EndGlobalSection
	GlobalSection(ProjectConfigurationPlatforms) = postSolution
		{290ECA11-6FDC-403F-BB12-9D5E205723D7}.Debug|Any CPU.ActiveCfg = Debug|Any CPU
		{290ECA11-6FDC-403F-BB12-9D5E205723D7}.Debug|Any CPU.Build.0 = Debug|Any CPU
		{290ECA11-6FDC-403F-BB12-9D5E205723D7}.Release|Any CPU.ActiveCfg = Release|Any CPU
		{290ECA11-6FDC-403F-BB12-9D5E205723D7}.Release|Any CPU.Build.0 = Release|Any CPU
		{1544B50D-72C7-46C2-9764-28F9E98BC8C3}.Debug|Any CPU.ActiveCfg = Debug|Any CPU
		{1544B50D-72C7-46C2-9764-28F9E98BC8C3}.Debug|Any CPU.Build.0 = Debug|Any CPU
		{1544B50D-72C7-46C2-9764-28F9E98BC8C3}.Release|Any CPU.ActiveCfg = Release|Any CPU
		{1544B50D-72C7-46C2-9764-28F9E98BC8C3}.Release|Any CPU.Build.0 = Release|Any CPU
		{5DF40A9F-52F1-4CFD-A7C8-BE5736E495A4}.Debug|Any CPU.ActiveCfg = Debug|Any CPU
		{5DF40A9F-52F1-4CFD-A7C8-BE5736E495A4}.Debug|Any CPU.Build.0 = Debug|Any CPU
		{5DF40A9F-52F1-4CFD-A7C8-BE5736E495A4}.Release|Any CPU.ActiveCfg = Release|Any CPU
		{5DF40A9F-52F1-4CFD-A7C8-BE5736E495A4}.Release|Any CPU.Build.0 = Release|Any CPU
		{C7780739-B33F-4453-8788-1A2B77118983}.Debug|Any CPU.ActiveCfg = Debug|Any CPU
		{C7780739-B33F-4453-8788-1A2B77118983}.Debug|Any CPU.Build.0 = Debug|Any CPU
		{C7780739-B33F-4453-8788-1A2B77118983}.Release|Any CPU.ActiveCfg = Release|Any CPU
		{C7780739-B33F-4453-8788-1A2B77118983}.Release|Any CPU.Build.0 = Release|Any CPU
	EndGlobalSection
	GlobalSection(SolutionProperties) = preSolution
		HideSolutionNode = FALSE
	EndGlobalSection
	GlobalSection(NestedProjects) = preSolution
		{5DF40A9F-52F1-4CFD-A7C8-BE5736E495A4} = {105412A2-2CC4-488E-A02B-BBB5558146C1}
		{C7780739-B33F-4453-8788-1A2B77118983} = {105412A2-2CC4-488E-A02B-BBB5558146C1}
	EndGlobalSection
	GlobalSection(ExtensibilityGlobals) = postSolution
		SolutionGuid = {76144834-D6EB-4CFD-931D-7E5CBD2255C8}
	EndGlobalSection
EndGlobal
